
Microsoft Visual Studio Solution File, Format Version 12.00
# Visual Studio Version 17
VisualStudioVersion = 17.8.34322.80
MinimumVisualStudioVersion = 10.0.40219.1
Project("{9A19103F-16F7-4668-BE54-9A1E7A4F7556}") = "Magneplot", "Magneplot\Magneplot.csproj", "{A98D5AB0-ECD3-4325-81B3-9E611E2F3B7B}"
EndProject
Global
	GlobalSection(SolutionConfigurationPlatforms) = preSolution
		Debug|Any CPU = Debug|Any CPU
		Release|Any CPU = Release|Any CPU
	EndGlobalSection
	GlobalSection(ProjectConfigurationPlatforms) = postSolution
		{A98D5AB0-ECD3-4325-81B3-9E611E2F3B7B}.Debug|Any CPU.ActiveCfg = Debug|Any CPU
		{A98D5AB0-ECD3-4325-81B3-9E611E2F3B7B}.Debug|Any CPU.Build.0 = Debug|Any CPU
		{A98D5AB0-ECD3-4325-81B3-9E611E2F3B7B}.Release|Any CPU.ActiveCfg = Release|Any CPU
		{A98D5AB0-ECD3-4325-81B3-9E611E2F3B7B}.Release|Any CPU.Build.0 = Release|Any CPU
	EndGlobalSection
	GlobalSection(SolutionProperties) = preSolution
		HideSolutionNode = FALSE
	EndGlobalSection
	GlobalSection(ExtensibilityGlobals) = postSolution
		SolutionGuid = {378E546F-D981-4C15-BA2A-EFC74CDF446E}
	EndGlobalSection
EndGlobal
